// !$*UTF8*$!
{
	archiveVersion = 1;
	classes = {
	};
	objectVersion = 46;
	objects = {

/* Begin PBXBuildFile section */
		66C0681B1A027C3900CC3E62 /* AppDelegate.swift in Sources */ = {isa = PBXBuildFile; fileRef = 66C0681A1A027C3900CC3E62 /* AppDelegate.swift */; };
		66C0681D1A027C3900CC3E62 /* GameScene.sks in Resources */ = {isa = PBXBuildFile; fileRef = 66C0681C1A027C3900CC3E62 /* GameScene.sks */; };
		66C0681F1A027C3900CC3E62 /* GameScene.swift in Sources */ = {isa = PBXBuildFile; fileRef = 66C0681E1A027C3900CC3E62 /* GameScene.swift */; };
		66C068211A027C3900CC3E62 /* GameViewController.swift in Sources */ = {isa = PBXBuildFile; fileRef = 66C068201A027C3900CC3E62 /* GameViewController.swift */; };
		66C068241A027C3900CC3E62 /* Main.storyboard in Resources */ = {isa = PBXBuildFile; fileRef = 66C068221A027C3900CC3E62 /* Main.storyboard */; };
		66C068261A027C3900CC3E62 /* Images.xcassets in Resources */ = {isa = PBXBuildFile; fileRef = 66C068251A027C3900CC3E62 /* Images.xcassets */; };
		66C068291A027C3900CC3E62 /* LaunchScreen.xib in Resources */ = {isa = PBXBuildFile; fileRef = 66C068271A027C3900CC3E62 /* LaunchScreen.xib */; };
		66C068351A027C3900CC3E62 /* SwiftrisTests.swift in Sources */ = {isa = PBXBuildFile; fileRef = 66C068341A027C3900CC3E62 /* SwiftrisTests.swift */; };
/* End PBXBuildFile section */

/* Begin PBXContainerItemProxy section */
		66C0682F1A027C3900CC3E62 /* PBXContainerItemProxy */ = {
			isa = PBXContainerItemProxy;
			containerPortal = 66C0680D1A027C3900CC3E62 /* Project object */;
			proxyType = 1;
			remoteGlobalIDString = 66C068141A027C3900CC3E62;
			remoteInfo = Swiftris;
		};
/* End PBXContainerItemProxy section */

/* Begin PBXFileReference section */
		66C068151A027C3900CC3E62 /* Swiftris.app */ = {isa = PBXFileReference; explicitFileType = wrapper.application; includeInIndex = 0; path = Swiftris.app; sourceTree = BUILT_PRODUCTS_DIR; };
		66C068191A027C3900CC3E62 /* Info.plist */ = {isa = PBXFileReference; lastKnownFileType = text.plist.xml; path = Info.plist; sourceTree = "<group>"; };
		66C0681A1A027C3900CC3E62 /* AppDelegate.swift */ = {isa = PBXFileReference; lastKnownFileType = sourcecode.swift; path = AppDelegate.swift; sourceTree = "<group>"; };
		66C0681C1A027C3900CC3E62 /* GameScene.sks */ = {isa = PBXFileReference; lastKnownFileType = file.sks; path = GameScene.sks; sourceTree = "<group>"; };
		66C0681E1A027C3900CC3E62 /* GameScene.swift */ = {isa = PBXFileReference; lastKnownFileType = sourcecode.swift; path = GameScene.swift; sourceTree = "<group>"; };
		66C068201A027C3900CC3E62 /* GameViewController.swift */ = {isa = PBXFileReference; lastKnownFileType = sourcecode.swift; path = GameViewController.swift; sourceTree = "<group>"; };
		66C068231A027C3900CC3E62 /* Base */ = {isa = PBXFileReference; lastKnownFileType = file.storyboard; name = Base; path = Base.lproj/Main.storyboard; sourceTree = "<group>"; };
		66C068251A027C3900CC3E62 /* Images.xcassets */ = {isa = PBXFileReference; lastKnownFileType = folder.assetcatalog; path = Images.xcassets; sourceTree = "<group>"; };
		66C068281A027C3900CC3E62 /* Base */ = {isa = PBXFileReference; lastKnownFileType = file.xib; name = Base; path = Base.lproj/LaunchScreen.xib; sourceTree = "<group>"; };
		66C0682E1A027C3900CC3E62 /* SwiftrisTests.xctest */ = {isa = PBXFileReference; explicitFileType = wrapper.cfbundle; includeInIndex = 0; path = SwiftrisTests.xctest; sourceTree = BUILT_PRODUCTS_DIR; };
		66C068331A027C3900CC3E62 /* Info.plist */ = {isa = PBXFileReference; lastKnownFileType = text.plist.xml; path = Info.plist; sourceTree = "<group>"; };
		66C068341A027C3900CC3E62 /* SwiftrisTests.swift */ = {isa = PBXFileReference; lastKnownFileType = sourcecode.swift; path = SwiftrisTests.swift; sourceTree = "<group>"; };
/* End PBXFileReference section */

/* Begin PBXFrameworksBuildPhase section */
		66C068121A027C3900CC3E62 /* Frameworks */ = {
			isa = PBXFrameworksBuildPhase;
			buildActionMask = 2147483647;
			files = (
			);
			runOnlyForDeploymentPostprocessing = 0;
		};
		66C0682B1A027C3900CC3E62 /* Frameworks */ = {
			isa = PBXFrameworksBuildPhase;
			buildActionMask = 2147483647;
			files = (
			);
			runOnlyForDeploymentPostprocessing = 0;
		};
/* End PBXFrameworksBuildPhase section */

/* Begin PBXGroup section */
		66C0680C1A027C3900CC3E62 = {
			isa = PBXGroup;
			children = (
				66C068171A027C3900CC3E62 /* Swiftris */,
				66C068311A027C3900CC3E62 /* SwiftrisTests */,
				66C068161A027C3900CC3E62 /* Products */,
			);
			sourceTree = "<group>";
		};
		66C068161A027C3900CC3E62 /* Products */ = {
			isa = PBXGroup;
			children = (
				66C068151A027C3900CC3E62 /* Swiftris.app */,
				66C0682E1A027C3900CC3E62 /* SwiftrisTests.xctest */,
			);
			name = Products;
			sourceTree = "<group>";
		};
		66C068171A027C3900CC3E62 /* Swiftris */ = {
			isa = PBXGroup;
			children = (
				66C0681A1A027C3900CC3E62 /* AppDelegate.swift */,
				66C0681C1A027C3900CC3E62 /* GameScene.sks */,
				66C0681E1A027C3900CC3E62 /* GameScene.swift */,
				66C068201A027C3900CC3E62 /* GameViewController.swift */,
				66C068221A027C3900CC3E62 /* Main.storyboard */,
				66C068251A027C3900CC3E62 /* Images.xcassets */,
				66C068271A027C3900CC3E62 /* LaunchScreen.xib */,
				66C068181A027C3900CC3E62 /* Supporting Files */,
			);
			path = Swiftris;
			sourceTree = "<group>";
		};
		66C068181A027C3900CC3E62 /* Supporting Files */ = {
			isa = PBXGroup;
			children = (
				66C068191A027C3900CC3E62 /* Info.plist */,
			);
			name = "Supporting Files";
			sourceTree = "<group>";
		};
		66C068311A027C3900CC3E62 /* SwiftrisTests */ = {
			isa = PBXGroup;
			children = (
				66C068341A027C3900CC3E62 /* SwiftrisTests.swift */,
				66C068321A027C3900CC3E62 /* Supporting Files */,
			);
			path = SwiftrisTests;
			sourceTree = "<group>";
		};
		66C068321A027C3900CC3E62 /* Supporting Files */ = {
			isa = PBXGroup;
			children = (
				66C068331A027C3900CC3E62 /* Info.plist */,
			);
			name = "Supporting Files";
			sourceTree = "<group>";
		};
/* End PBXGroup section */

/* Begin PBXNativeTarget section */
		66C068141A027C3900CC3E62 /* Swiftris */ = {
			isa = PBXNativeTarget;
			buildConfigurationList = 66C068381A027C3900CC3E62 /* Build configuration list for PBXNativeTarget "Swiftris" */;
			buildPhases = (
				66C068111A027C3900CC3E62 /* Sources */,
				66C068121A027C3900CC3E62 /* Frameworks */,
				66C068131A027C3900CC3E62 /* Resources */,
			);
			buildRules = (
			);
			dependencies = (
			);
			name = Swiftris;
			productName = Swiftris;
			productReference = 66C068151A027C3900CC3E62 /* Swiftris.app */;
			productType = "com.apple.product-type.application";
		};
		66C0682D1A027C3900CC3E62 /* SwiftrisTests */ = {
			isa = PBXNativeTarget;
			buildConfigurationList = 66C0683B1A027C3900CC3E62 /* Build configuration list for PBXNativeTarget "SwiftrisTests" */;
			buildPhases = (
				66C0682A1A027C3900CC3E62 /* Sources */,
				66C0682B1A027C3900CC3E62 /* Frameworks */,
				66C0682C1A027C3900CC3E62 /* Resources */,
			);
			buildRules = (
			);
			dependencies = (
				66C068301A027C3900CC3E62 /* PBXTargetDependency */,
			);
			name = SwiftrisTests;
			productName = SwiftrisTests;
			productReference = 66C0682E1A027C3900CC3E62 /* SwiftrisTests.xctest */;
			productType = "com.apple.product-type.bundle.unit-test";
		};
/* End PBXNativeTarget section */

/* Begin PBXProject section */
		66C0680D1A027C3900CC3E62 /* Project object */ = {
			isa = PBXProject;
			attributes = {
				LastUpgradeCheck = 0600;
				ORGANIZATIONNAME = jeffrey;
				TargetAttributes = {
					66C068141A027C3900CC3E62 = {
						CreatedOnToolsVersion = 6.0.1;
					};
					66C0682D1A027C3900CC3E62 = {
						CreatedOnToolsVersion = 6.0.1;
						TestTargetID = 66C068141A027C3900CC3E62;
					};
				};
			};
			buildConfigurationList = 66C068101A027C3900CC3E62 /* Build configuration list for PBXProject "Swiftris" */;
			compatibilityVersion = "Xcode 3.2";
			developmentRegion = English;
			hasScannedForEncodings = 0;
			knownRegions = (
				en,
				Base,
			);
			mainGroup = 66C0680C1A027C3900CC3E62;
			productRefGroup = 66C068161A027C3900CC3E62 /* Products */;
			projectDirPath = "";
			projectRoot = "";
			targets = (
				66C068141A027C3900CC3E62 /* Swiftris */,
				66C0682D1A027C3900CC3E62 /* SwiftrisTests */,
			);
		};
/* End PBXProject section */

/* Begin PBXResourcesBuildPhase section */
		66C068131A027C3900CC3E62 /* Resources */ = {
			isa = PBXResourcesBuildPhase;
			buildActionMask = 2147483647;
			files = (
				66C068291A027C3900CC3E62 /* LaunchScreen.xib in Resources */,
				66C068261A027C3900CC3E62 /* Images.xcassets in Resources */,
				66C0681D1A027C3900CC3E62 /* GameScene.sks in Resources */,
				66C068241A027C3900CC3E62 /* Main.storyboard in Resources */,
			);
			runOnlyForDeploymentPostprocessing = 0;
		};
		66C0682C1A027C3900CC3E62 /* Resources */ = {
			isa = PBXResourcesBuildPhase;
			buildActionMask = 2147483647;
			files = (
			);
			runOnlyForDeploymentPostprocessing = 0;
		};
/* End PBXResourcesBuildPhase section */

/* Begin PBXSourcesBuildPhase section */
		66C068111A027C3900CC3E62 /* Sources */ = {
			isa = PBXSourcesBuildPhase;
			buildActionMask = 2147483647;
			files = (
				66C0681F1A027C3900CC3E62 /* GameScene.swift in Sources */,
				66C068211A027C3900CC3E62 /* GameViewController.swift in Sources */,
				66C0681B1A027C3900CC3E62 /* AppDelegate.swift in Sources */,
			);
			runOnlyForDeploymentPostprocessing = 0;
		};
		66C0682A1A027C3900CC3E62 /* Sources */ = {
			isa = PBXSourcesBuildPhase;
			buildActionMask = 2147483647;
			files = (
				66C068351A027C3900CC3E62 /* SwiftrisTests.swift in Sources */,
			);
			runOnlyForDeploymentPostprocessing = 0;
		};
/* End PBXSourcesBuildPhase section */

/* Begin PBXTargetDependency section */
		66C068301A027C3900CC3E62 /* PBXTargetDependency */ = {
			isa = PBXTargetDependency;
			target = 66C068141A027C3900CC3E62 /* Swiftris */;
			targetProxy = 66C0682F1A027C3900CC3E62 /* PBXContainerItemProxy */;
		};
/* End PBXTargetDependency section */

/* Begin PBXVariantGroup section */
		66C068221A027C3900CC3E62 /* Main.storyboard */ = {
			isa = PBXVariantGroup;
			children = (
				66C068231A027C3900CC3E62 /* Base */,
			);
			name = Main.storyboard;
			sourceTree = "<group>";
		};
		66C068271A027C3900CC3E62 /* LaunchScreen.xib */ = {
			isa = PBXVariantGroup;
			children = (
				66C068281A027C3900CC3E62 /* Base */,
			);
			name = LaunchScreen.xib;
			sourceTree = "<group>";
		};
/* End PBXVariantGroup section */

/* Begin XCBuildConfiguration section */
		66C068361A027C3900CC3E62 /* Debug */ = {
			isa = XCBuildConfiguration;
			buildSettings = {
				ALWAYS_SEARCH_USER_PATHS = NO;
				CLANG_CXX_LANGUAGE_STANDARD = "gnu++0x";
				CLANG_CXX_LIBRARY = "libc++";
				CLANG_ENABLE_MODULES = YES;
				CLANG_ENABLE_OBJC_ARC = YES;
				CLANG_WARN_BOOL_CONVERSION = YES;
				CLANG_WARN_CONSTANT_CONVERSION = YES;
				CLANG_WARN_DIRECT_OBJC_ISA_USAGE = YES_ERROR;
				CLANG_WARN_EMPTY_BODY = YES;
				CLANG_WARN_ENUM_CONVERSION = YES;
				CLANG_WARN_INT_CONVERSION = YES;
				CLANG_WARN_OBJC_ROOT_CLASS = YES_ERROR;
				CLANG_WARN_UNREACHABLE_CODE = YES;
				CLANG_WARN__DUPLICATE_METHOD_MATCH = YES;
				"CODE_SIGN_IDENTITY[sdk=iphoneos*]" = "iPhone Developer";
				COPY_PHASE_STRIP = NO;
				ENABLE_STRICT_OBJC_MSGSEND = YES;
				GCC_C_LANGUAGE_STANDARD = gnu99;
				GCC_DYNAMIC_NO_PIC = NO;
				GCC_OPTIMIZATION_LEVEL = 0;
				GCC_PREPROCESSOR_DEFINITIONS = (
					"DEBUG=1",
					"$(inherited)",
				);
				GCC_SYMBOLS_PRIVATE_EXTERN = NO;
				GCC_WARN_64_TO_32_BIT_CONVERSION = YES;
				GCC_WARN_ABOUT_RETURN_TYPE = YES_ERROR;
				GCC_WARN_UNDECLARED_SELECTOR = YES;
				GCC_WARN_UNINITIALIZED_AUTOS = YES_AGGRESSIVE;
				GCC_WARN_UNUSED_FUNCTION = YES;
				GCC_WARN_UNUSED_VARIABLE = YES;
				IPHONEOS_DEPLOYMENT_TARGET = 8.0;
				MTL_ENABLE_DEBUG_INFO = YES;
				ONLY_ACTIVE_ARCH = YES;
				SDKROOT = iphoneos;
				SWIFT_OPTIMIZATION_LEVEL = "-Onone";
			};
			name = Debug;
		};
		66C068371A027C3900CC3E62 /* Release */ = {
			isa = XCBuildConfiguration;
			buildSettings = {
				ALWAYS_SEARCH_USER_PATHS = NO;
				CLANG_CXX_LANGUAGE_STANDARD = "gnu++0x";
				CLANG_CXX_LIBRARY = "libc++";
				CLANG_ENABLE_MODULES = YES;
				CLANG_ENABLE_OBJC_ARC = YES;
				CLANG_WARN_BOOL_CONVERSION = YES;
				CLANG_WARN_CONSTANT_CONVERSION = YES;
				CLANG_WARN_DIRECT_OBJC_ISA_USAGE = YES_ERROR;
				CLANG_WARN_EMPTY_BODY = YES;
				CLANG_WARN_ENUM_CONVERSION = YES;
				CLANG_WARN_INT_CONVERSION = YES;
				CLANG_WARN_OBJC_ROOT_CLASS = YES_ERROR;
				CLANG_WARN_UNREACHABLE_CODE = YES;
				CLANG_WARN__DUPLICATE_METHOD_MATCH = YES;
				"CODE_SIGN_IDENTITY[sdk=iphoneos*]" = "iPhone Developer";
				COPY_PHASE_STRIP = YES;
				ENABLE_NS_ASSERTIONS = NO;
				ENABLE_STRICT_OBJC_MSGSEND = YES;
				GCC_C_LANGUAGE_STANDARD = gnu99;
				GCC_WARN_64_TO_32_BIT_CONVERSION = YES;
				GCC_WARN_ABOUT_RETURN_TYPE = YES_ERROR;
				GCC_WARN_UNDECLARED_SELECTOR = YES;
				GCC_WARN_UNINITIALIZED_AUTOS = YES_AGGRESSIVE;
				GCC_WARN_UNUSED_FUNCTION = YES;
				GCC_WARN_UNUSED_VARIABLE = YES;
				IPHONEOS_DEPLOYMENT_TARGET = 8.0;
				MTL_ENABLE_DEBUG_INFO = NO;
				SDKROOT = iphoneos;
				VALIDATE_PRODUCT = YES;
			};
			name = Release;
		};
		66C068391A027C3900CC3E62 /* Debug */ = {
			isa = XCBuildConfiguration;
			buildSettings = {
				ASSETCATALOG_COMPILER_APPICON_NAME = AppIcon;
				INFOPLIST_FILE = Swiftris/Info.plist;
				LD_RUNPATH_SEARCH_PATHS = "$(inherited) @executable_path/Frameworks";
				PRODUCT_NAME = "$(TARGET_NAME)";
			};
			name = Debug;
		};
		66C0683A1A027C3900CC3E62 /* Release */ = {
			isa = XCBuildConfiguration;
			buildSettings = {
				ASSETCATALOG_COMPILER_APPICON_NAME = AppIcon;
				INFOPLIST_FILE = Swiftris/Info.plist;
				LD_RUNPATH_SEARCH_PATHS = "$(inherited) @executable_path/Frameworks";
				PRODUCT_NAME = "$(TARGET_NAME)";
			};
			name = Release;
		};
		66C0683C1A027C3900CC3E62 /* Debug */ = {
			isa = XCBuildConfiguration;
			buildSettings = {
				BUNDLE_LOADER = "$(TEST_HOST)";
				FRAMEWORK_SEARCH_PATHS = (
					"$(SDKROOT)/Developer/Library/Frameworks",
					"$(inherited)",
				);
				GCC_PREPROCESSOR_DEFINITIONS = (
					"DEBUG=1",
					"$(inherited)",
				);
				INFOPLIST_FILE = SwiftrisTests/Info.plist;
				LD_RUNPATH_SEARCH_PATHS = "$(inherited) @executable_path/Frameworks @loader_path/Frameworks";
				PRODUCT_NAME = "$(TARGET_NAME)";
				TEST_HOST = "$(BUILT_PRODUCTS_DIR)/Swiftris.app/Swiftris";
			};
			name = Debug;
		};
		66C0683D1A027C3900CC3E62 /* Release */ = {
			isa = XCBuildConfiguration;
			buildSettings = {
				BUNDLE_LOADER = "$(TEST_HOST)";
				FRAMEWORK_SEARCH_PATHS = (
					"$(SDKROOT)/Developer/Library/Frameworks",
					"$(inherited)",
				);
				INFOPLIST_FILE = SwiftrisTests/Info.plist;
				LD_RUNPATH_SEARCH_PATHS = "$(inherited) @executable_path/Frameworks @loader_path/Frameworks";
				PRODUCT_NAME = "$(TARGET_NAME)";
				TEST_HOST = "$(BUILT_PRODUCTS_DIR)/Swiftris.app/Swiftris";
			};
			name = Release;
		};
/* End XCBuildConfiguration section */

/* Begin XCConfigurationList section */
		66C068101A027C3900CC3E62 /* Build configuration list for PBXProject "Swiftris" */ = {
			isa = XCConfigurationList;
			buildConfigurations = (
				66C068361A027C3900CC3E62 /* Debug */,
				66C068371A027C3900CC3E62 /* Release */,
			);
			defaultConfigurationIsVisible = 0;
			defaultConfigurationName = Release;
		};
		66C068381A027C3900CC3E62 /* Build configuration list for PBXNativeTarget "Swiftris" */ = {
			isa = XCConfigurationList;
			buildConfigurations = (
				66C068391A027C3900CC3E62 /* Debug */,
				66C0683A1A027C3900CC3E62 /* Release */,
			);
			defaultConfigurationIsVisible = 0;
		};
		66C0683B1A027C3900CC3E62 /* Build configuration list for PBXNativeTarget "SwiftrisTests" */ = {
			isa = XCConfigurationList;
			buildConfigurations = (
				66C0683C1A027C3900CC3E62 /* Debug */,
				66C0683D1A027C3900CC3E62 /* Release */,
			);
			defaultConfigurationIsVisible = 0;
		};
/* End XCConfigurationList section */
	};
	rootObject = 66C0680D1A027C3900CC3E62 /* Project object */;
}
